
Microsoft Visual Studio Solution File, Format Version 12.00
# Visual Studio 15
VisualStudioVersion = 15.0.28307.779
MinimumVisualStudioVersion = 10.0.40219.1
Project("{FAE04EC0-301F-11D3-BF4B-00C04F79EFBC}") = "Assignment4", "Assignment4\Assignment4.csproj", "{B2C3FB12-27CC-4D15-958F-2A8A14B08312}"
EndProject
Global
	GlobalSection(SolutionConfigurationPlatforms) = preSolution
		Debug|Any CPU = Debug|Any CPU
		Release|Any CPU = Release|Any CPU
	EndGlobalSection
	GlobalSection(ProjectConfigurationPlatforms) = postSolution
		{B2C3FB12-27CC-4D15-958F-2A8A14B08312}.Debug|Any CPU.ActiveCfg = Debug|Any CPU
		{B2C3FB12-27CC-4D15-958F-2A8A14B08312}.Debug|Any CPU.Build.0 = Debug|Any CPU
		{B2C3FB12-27CC-4D15-958F-2A8A14B08312}.Release|Any CPU.ActiveCfg = Release|Any CPU
		{B2C3FB12-27CC-4D15-958F-2A8A14B08312}.Release|Any CPU.Build.0 = Release|Any CPU
	EndGlobalSection
	GlobalSection(SolutionProperties) = preSolution
		HideSolutionNode = FALSE
	EndGlobalSection
	GlobalSection(ExtensibilityGlobals) = postSolution
		SolutionGuid = {3C39F328-B309-4A46-B594-9D40FC1CCE15}
	EndGlobalSection
EndGlobal
