
Microsoft Visual Studio Solution File, Format Version 12.00
# Visual Studio Version 16
VisualStudioVersion = 16.0.29324.140
MinimumVisualStudioVersion = 10.0.40219.1
Project("{FAE04EC0-301F-11D3-BF4B-00C04F79EFBC}") = "Assignment6", "Assignment6.csproj", "{E7E202A2-3DF9-4EDB-A763-EAF6471ABE1B}"
EndProject
Global
	GlobalSection(SolutionConfigurationPlatforms) = preSolution
		Debug|Any CPU = Debug|Any CPU
		Release|Any CPU = Release|Any CPU
	EndGlobalSection
	GlobalSection(ProjectConfigurationPlatforms) = postSolution
		{E7E202A2-3DF9-4EDB-A763-EAF6471ABE1B}.Debug|Any CPU.ActiveCfg = Debug|Any CPU
		{E7E202A2-3DF9-4EDB-A763-EAF6471ABE1B}.Debug|Any CPU.Build.0 = Debug|Any CPU
		{E7E202A2-3DF9-4EDB-A763-EAF6471ABE1B}.Release|Any CPU.ActiveCfg = Release|Any CPU
		{E7E202A2-3DF9-4EDB-A763-EAF6471ABE1B}.Release|Any CPU.Build.0 = Release|Any CPU
	EndGlobalSection
	GlobalSection(SolutionProperties) = preSolution
		HideSolutionNode = FALSE
	EndGlobalSection
	GlobalSection(ExtensibilityGlobals) = postSolution
		SolutionGuid = {A07C4ADA-B0C1-48B2-8DF3-4B5E51679052}
	EndGlobalSection
EndGlobal
